{
  "name": "mi_tienda_online",
  "version": "1.0.0",
  "lockfileVersion": 1,
  "dependencies": {
    "bootstrap": {
      "version": "3.3.7",
      "resolved": "https://registry.npmjs.org/bootstrap/-/bootstrap-3.3.7.tgz",
      "integrity": "sha1-WjiTlFSfIzMIdaOxUGVldPip63E="
    },
    "jquery": {
      "version": "3.2.1",
      "resolved": "https://registry.npmjs.org/jquery/-/jquery-3.2.1.tgz",
      "integrity": "sha1-XE2d5lKvbNCncBVKYxu6ErAVx4c="
    },
    "vue": {
      "version": "2.4.1",
      "resolved": "https://registry.npmjs.org/vue/-/vue-2.4.1.tgz",
      "integrity": "sha512-V/3mbqPeXJf+AEdm2Qdrho8ADjN2/Th+q7abrDqQrGaERgtlGPLe8SRLDzJ2eNEV4Gh+L8T/vfbxb2sLUfwYbA=="
    },
    "vue-router": {
      "version": "2.7.0",
      "resolved": "https://registry.npmjs.org/vue-router/-/vue-router-2.7.0.tgz",
      "integrity": "sha512-kxgsT50dDExua3i103nxNBjlfk8LeUmO9iujVxXV42MnISINHUjqMrknpOOJEg+i9nEkoVgG8N86Pklze35c/A=="
    }
  }
}
